// !$*UTF8*$!
{
	archiveVersion = 1;
	classes = {
	};
	objectVersion = 56;
	objects = {

/* Begin PBXBuildFile section */
		D2875A7B2B8F1F6F00C708FF /* Loading.swift in Sources */ = {isa = PBXBuildFile; fileRef = D2875A7A2B8F1F6F00C708FF /* Loading.swift */; };
		D2875A7D2B8F344400C708FF /* HomeView.swift in Sources */ = {isa = PBXBuildFile; fileRef = D2875A7C2B8F344400C708FF /* HomeView.swift */; };
		D2875A7F2B8F345000C708FF /* ItemView.swift in Sources */ = {isa = PBXBuildFile; fileRef = D2875A7E2B8F345000C708FF /* ItemView.swift */; };
		D2875A812B8F345B00C708FF /* ProfileView.swift in Sources */ = {isa = PBXBuildFile; fileRef = D2875A802B8F345B00C708FF /* ProfileView.swift */; };
		D2875A832B8F346D00C708FF /* ToolBarView.swift in Sources */ = {isa = PBXBuildFile; fileRef = D2875A822B8F346D00C708FF /* ToolBarView.swift */; };
		D2875A852B8F348100C708FF /* ReminderView.swift in Sources */ = {isa = PBXBuildFile; fileRef = D2875A842B8F348100C708FF /* ReminderView.swift */; };
		D28E95592B8BA1FC00642D25 /* RemiderApp.swift in Sources */ = {isa = PBXBuildFile; fileRef = D28E95582B8BA1FC00642D25 /* RemiderApp.swift */; };
		D28E955B2B8BA1FC00642D25 /* ContentView.swift in Sources */ = {isa = PBXBuildFile; fileRef = D28E955A2B8BA1FC00642D25 /* ContentView.swift */; };
		D28E955D2B8BA1FC00642D25 /* Item.swift in Sources */ = {isa = PBXBuildFile; fileRef = D28E955C2B8BA1FC00642D25 /* Item.swift */; };
		D28E955F2B8BA1FE00642D25 /* Assets.xcassets in Resources */ = {isa = PBXBuildFile; fileRef = D28E955E2B8BA1FE00642D25 /* Assets.xcassets */; };
		D28E95622B8BA1FE00642D25 /* Preview Assets.xcassets in Resources */ = {isa = PBXBuildFile; fileRef = D28E95612B8BA1FE00642D25 /* Preview Assets.xcassets */; };
		D28E956C2B8BA1FF00642D25 /* RemiderTests.swift in Sources */ = {isa = PBXBuildFile; fileRef = D28E956B2B8BA1FF00642D25 /* RemiderTests.swift */; };
		D28E95762B8BA1FF00642D25 /* RemiderUITests.swift in Sources */ = {isa = PBXBuildFile; fileRef = D28E95752B8BA1FF00642D25 /* RemiderUITests.swift */; };
		D28E95782B8BA1FF00642D25 /* RemiderUITestsLaunchTests.swift in Sources */ = {isa = PBXBuildFile; fileRef = D28E95772B8BA1FF00642D25 /* RemiderUITestsLaunchTests.swift */; };
		D28EF48D2B91C0EE00C12222 /* SettingView.swift in Sources */ = {isa = PBXBuildFile; fileRef = D28EF48C2B91C0EE00C12222 /* SettingView.swift */; };
		D290497D2B8E165C002FC73F /* LoginView.swift in Sources */ = {isa = PBXBuildFile; fileRef = D290497C2B8E165C002FC73F /* LoginView.swift */; };
		D290497F2B8E1772002FC73F /* RegisterView.swift in Sources */ = {isa = PBXBuildFile; fileRef = D290497E2B8E1772002FC73F /* RegisterView.swift */; };
		D2B4052D2B91721900A2DCDE /* User.swift in Sources */ = {isa = PBXBuildFile; fileRef = D2B4052C2B91721900A2DCDE /* User.swift */; };
		D2B405302B91744500A2DCDE /* api.swift in Sources */ = {isa = PBXBuildFile; fileRef = D2B4052F2B91744500A2DCDE /* api.swift */; };
/* End PBXBuildFile section */

/* Begin PBXContainerItemProxy section */
		D28E95682B8BA1FF00642D25 /* PBXContainerItemProxy */ = {
			isa = PBXContainerItemProxy;
			containerPortal = D28E954D2B8BA1FC00642D25 /* Project object */;
			proxyType = 1;
			remoteGlobalIDString = D28E95542B8BA1FC00642D25;
			remoteInfo = Remider;
		};
		D28E95722B8BA1FF00642D25 /* PBXContainerItemProxy */ = {
			isa = PBXContainerItemProxy;
			containerPortal = D28E954D2B8BA1FC00642D25 /* Project object */;
			proxyType = 1;
			remoteGlobalIDString = D28E95542B8BA1FC00642D25;
			remoteInfo = Remider;
		};
/* End PBXContainerItemProxy section */

/* Begin PBXFileReference section */
		D2875A7A2B8F1F6F00C708FF /* Loading.swift */ = {isa = PBXFileReference; lastKnownFileType = sourcecode.swift; path = Loading.swift; sourceTree = "<group>"; };
		D2875A7C2B8F344400C708FF /* HomeView.swift */ = {isa = PBXFileReference; lastKnownFileType = sourcecode.swift; path = HomeView.swift; sourceTree = "<group>"; };
		D2875A7E2B8F345000C708FF /* ItemView.swift */ = {isa = PBXFileReference; lastKnownFileType = sourcecode.swift; path = ItemView.swift; sourceTree = "<group>"; };
		D2875A802B8F345B00C708FF /* ProfileView.swift */ = {isa = PBXFileReference; lastKnownFileType = sourcecode.swift; path = ProfileView.swift; sourceTree = "<group>"; };
		D2875A822B8F346D00C708FF /* ToolBarView.swift */ = {isa = PBXFileReference; lastKnownFileType = sourcecode.swift; path = ToolBarView.swift; sourceTree = "<group>"; };
		D2875A842B8F348100C708FF /* ReminderView.swift */ = {isa = PBXFileReference; lastKnownFileType = sourcecode.swift; path = ReminderView.swift; sourceTree = "<group>"; };
		D28E95552B8BA1FC00642D25 /* Reminder.app */ = {isa = PBXFileReference; explicitFileType = wrapper.application; includeInIndex = 0; path = Reminder.app; sourceTree = BUILT_PRODUCTS_DIR; };
		D28E95582B8BA1FC00642D25 /* RemiderApp.swift */ = {isa = PBXFileReference; lastKnownFileType = sourcecode.swift; path = RemiderApp.swift; sourceTree = "<group>"; };
		D28E955A2B8BA1FC00642D25 /* ContentView.swift */ = {isa = PBXFileReference; lastKnownFileType = sourcecode.swift; path = ContentView.swift; sourceTree = "<group>"; };
		D28E955C2B8BA1FC00642D25 /* Item.swift */ = {isa = PBXFileReference; lastKnownFileType = sourcecode.swift; path = Item.swift; sourceTree = "<group>"; };
		D28E955E2B8BA1FE00642D25 /* Assets.xcassets */ = {isa = PBXFileReference; lastKnownFileType = folder.assetcatalog; path = Assets.xcassets; sourceTree = "<group>"; };
		D28E95612B8BA1FE00642D25 /* Preview Assets.xcassets */ = {isa = PBXFileReference; lastKnownFileType = folder.assetcatalog; path = "Preview Assets.xcassets"; sourceTree = "<group>"; };
		D28E95672B8BA1FF00642D25 /* ReminderTests.xctest */ = {isa = PBXFileReference; explicitFileType = wrapper.cfbundle; includeInIndex = 0; path = ReminderTests.xctest; sourceTree = BUILT_PRODUCTS_DIR; };
		D28E956B2B8BA1FF00642D25 /* RemiderTests.swift */ = {isa = PBXFileReference; lastKnownFileType = sourcecode.swift; path = RemiderTests.swift; sourceTree = "<group>"; };
		D28E95712B8BA1FF00642D25 /* ReminderUITests.xctest */ = {isa = PBXFileReference; explicitFileType = wrapper.cfbundle; includeInIndex = 0; path = ReminderUITests.xctest; sourceTree = BUILT_PRODUCTS_DIR; };
		D28E95752B8BA1FF00642D25 /* RemiderUITests.swift */ = {isa = PBXFileReference; lastKnownFileType = sourcecode.swift; path = RemiderUITests.swift; sourceTree = "<group>"; };
		D28E95772B8BA1FF00642D25 /* RemiderUITestsLaunchTests.swift */ = {isa = PBXFileReference; lastKnownFileType = sourcecode.swift; path = RemiderUITestsLaunchTests.swift; sourceTree = "<group>"; };
		D28EF48C2B91C0EE00C12222 /* SettingView.swift */ = {isa = PBXFileReference; lastKnownFileType = sourcecode.swift; path = SettingView.swift; sourceTree = "<group>"; };
		D290497C2B8E165C002FC73F /* LoginView.swift */ = {isa = PBXFileReference; lastKnownFileType = sourcecode.swift; path = LoginView.swift; sourceTree = "<group>"; };
		D290497E2B8E1772002FC73F /* RegisterView.swift */ = {isa = PBXFileReference; lastKnownFileType = sourcecode.swift; path = RegisterView.swift; sourceTree = "<group>"; };
		D2B4052C2B91721900A2DCDE /* User.swift */ = {isa = PBXFileReference; lastKnownFileType = sourcecode.swift; path = User.swift; sourceTree = "<group>"; };
		D2B4052F2B91744500A2DCDE /* api.swift */ = {isa = PBXFileReference; lastKnownFileType = sourcecode.swift; path = api.swift; sourceTree = "<group>"; };
/* End PBXFileReference section */

/* Begin PBXFrameworksBuildPhase section */
		D28E95522B8BA1FC00642D25 /* Frameworks */ = {
			isa = PBXFrameworksBuildPhase;
			buildActionMask = 2147483647;
			files = (
			);
			runOnlyForDeploymentPostprocessing = 0;
		};
		D28E95642B8BA1FF00642D25 /* Frameworks */ = {
			isa = PBXFrameworksBuildPhase;
			buildActionMask = 2147483647;
			files = (
			);
			runOnlyForDeploymentPostprocessing = 0;
		};
		D28E956E2B8BA1FF00642D25 /* Frameworks */ = {
			isa = PBXFrameworksBuildPhase;
			buildActionMask = 2147483647;
			files = (
			);
			runOnlyForDeploymentPostprocessing = 0;
		};
/* End PBXFrameworksBuildPhase section */

/* Begin PBXGroup section */
		D28E954C2B8BA1FC00642D25 = {
			isa = PBXGroup;
			children = (
				D28E95572B8BA1FC00642D25 /* Remider */,
				D28E956A2B8BA1FF00642D25 /* RemiderTests */,
				D28E95742B8BA1FF00642D25 /* RemiderUITests */,
				D28E95562B8BA1FC00642D25 /* Products */,
			);
			sourceTree = "<group>";
		};
		D28E95562B8BA1FC00642D25 /* Products */ = {
			isa = PBXGroup;
			children = (
				D28E95552B8BA1FC00642D25 /* Reminder.app */,
				D28E95672B8BA1FF00642D25 /* ReminderTests.xctest */,
				D28E95712B8BA1FF00642D25 /* ReminderUITests.xctest */,
			);
			name = Products;
			sourceTree = "<group>";
		};
		D28E95572B8BA1FC00642D25 /* Remider */ = {
			isa = PBXGroup;
			children = (
				D2B4052E2B91743800A2DCDE /* ApiCall */,
				D29049812B8E17C7002FC73F /* Model */,
				D29049802B8E17B0002FC73F /* Views */,
				D28E95582B8BA1FC00642D25 /* RemiderApp.swift */,
				D28E955E2B8BA1FE00642D25 /* Assets.xcassets */,
				D28E95602B8BA1FE00642D25 /* Preview Content */,
			);
			path = Remider;
			sourceTree = "<group>";
		};
		D28E95602B8BA1FE00642D25 /* Preview Content */ = {
			isa = PBXGroup;
			children = (
				D28E95612B8BA1FE00642D25 /* Preview Assets.xcassets */,
			);
			path = "Preview Content";
			sourceTree = "<group>";
		};
		D28E956A2B8BA1FF00642D25 /* RemiderTests */ = {
			isa = PBXGroup;
			children = (
				D28E956B2B8BA1FF00642D25 /* RemiderTests.swift */,
			);
			path = RemiderTests;
			sourceTree = "<group>";
		};
		D28E95742B8BA1FF00642D25 /* RemiderUITests */ = {
			isa = PBXGroup;
			children = (
				D28E95752B8BA1FF00642D25 /* RemiderUITests.swift */,
				D28E95772B8BA1FF00642D25 /* RemiderUITestsLaunchTests.swift */,
			);
			path = RemiderUITests;
			sourceTree = "<group>";
		};
		D29049802B8E17B0002FC73F /* Views */ = {
			isa = PBXGroup;
			children = (
				D28E955A2B8BA1FC00642D25 /* ContentView.swift */,
				D290497C2B8E165C002FC73F /* LoginView.swift */,
				D290497E2B8E1772002FC73F /* RegisterView.swift */,
				D2875A7A2B8F1F6F00C708FF /* Loading.swift */,
				D2875A7C2B8F344400C708FF /* HomeView.swift */,
				D2875A7E2B8F345000C708FF /* ItemView.swift */,
				D2875A802B8F345B00C708FF /* ProfileView.swift */,
				D2875A822B8F346D00C708FF /* ToolBarView.swift */,
				D2875A842B8F348100C708FF /* ReminderView.swift */,
				D28EF48C2B91C0EE00C12222 /* SettingView.swift */,
			);
			path = Views;
			sourceTree = "<group>";
		};
		D29049812B8E17C7002FC73F /* Model */ = {
			isa = PBXGroup;
			children = (
				D28E955C2B8BA1FC00642D25 /* Item.swift */,
				D2B4052C2B91721900A2DCDE /* User.swift */,
			);
			path = Model;
			sourceTree = "<group>";
		};
		D2B4052E2B91743800A2DCDE /* ApiCall */ = {
			isa = PBXGroup;
			children = (
				D2B4052F2B91744500A2DCDE /* api.swift */,
			);
			path = ApiCall;
			sourceTree = "<group>";
		};
/* End PBXGroup section */

/* Begin PBXNativeTarget section */
		D28E95542B8BA1FC00642D25 /* Reminder */ = {
			isa = PBXNativeTarget;
			buildConfigurationList = D28E957B2B8BA1FF00642D25 /* Build configuration list for PBXNativeTarget "Reminder" */;
			buildPhases = (
				D28E95512B8BA1FC00642D25 /* Sources */,
				D28E95522B8BA1FC00642D25 /* Frameworks */,
				D28E95532B8BA1FC00642D25 /* Resources */,
			);
			buildRules = (
			);
			dependencies = (
			);
			name = Reminder;
			productName = Remider;
			productReference = D28E95552B8BA1FC00642D25 /* Reminder.app */;
			productType = "com.apple.product-type.application";
		};
		D28E95662B8BA1FF00642D25 /* ReminderTests */ = {
			isa = PBXNativeTarget;
			buildConfigurationList = D28E957E2B8BA1FF00642D25 /* Build configuration list for PBXNativeTarget "ReminderTests" */;
			buildPhases = (
				D28E95632B8BA1FF00642D25 /* Sources */,
				D28E95642B8BA1FF00642D25 /* Frameworks */,
				D28E95652B8BA1FF00642D25 /* Resources */,
			);
			buildRules = (
			);
			dependencies = (
				D28E95692B8BA1FF00642D25 /* PBXTargetDependency */,
			);
			name = ReminderTests;
			productName = RemiderTests;
			productReference = D28E95672B8BA1FF00642D25 /* ReminderTests.xctest */;
			productType = "com.apple.product-type.bundle.unit-test";
		};
		D28E95702B8BA1FF00642D25 /* ReminderUITests */ = {
			isa = PBXNativeTarget;
			buildConfigurationList = D28E95812B8BA1FF00642D25 /* Build configuration list for PBXNativeTarget "ReminderUITests" */;
			buildPhases = (
				D28E956D2B8BA1FF00642D25 /* Sources */,
				D28E956E2B8BA1FF00642D25 /* Frameworks */,
				D28E956F2B8BA1FF00642D25 /* Resources */,
			);
			buildRules = (
			);
			dependencies = (
				D28E95732B8BA1FF00642D25 /* PBXTargetDependency */,
			);
			name = ReminderUITests;
			productName = RemiderUITests;
			productReference = D28E95712B8BA1FF00642D25 /* ReminderUITests.xctest */;
			productType = "com.apple.product-type.bundle.ui-testing";
		};
/* End PBXNativeTarget section */

/* Begin PBXProject section */
		D28E954D2B8BA1FC00642D25 /* Project object */ = {
			isa = PBXProject;
			attributes = {
				BuildIndependentTargetsInParallel = 1;
				LastSwiftUpdateCheck = 1520;
				LastUpgradeCheck = 1520;
				TargetAttributes = {
					D28E95542B8BA1FC00642D25 = {
						CreatedOnToolsVersion = 15.2;
					};
					D28E95662B8BA1FF00642D25 = {
						CreatedOnToolsVersion = 15.2;
						TestTargetID = D28E95542B8BA1FC00642D25;
					};
					D28E95702B8BA1FF00642D25 = {
						CreatedOnToolsVersion = 15.2;
						TestTargetID = D28E95542B8BA1FC00642D25;
					};
				};
			};
			buildConfigurationList = D28E95502B8BA1FC00642D25 /* Build configuration list for PBXProject "Reminder" */;
			compatibilityVersion = "Xcode 14.0";
			developmentRegion = en;
			hasScannedForEncodings = 0;
			knownRegions = (
				en,
				Base,
			);
			mainGroup = D28E954C2B8BA1FC00642D25;
			productRefGroup = D28E95562B8BA1FC00642D25 /* Products */;
			projectDirPath = "";
			projectRoot = "";
			targets = (
				D28E95542B8BA1FC00642D25 /* Reminder */,
				D28E95662B8BA1FF00642D25 /* ReminderTests */,
				D28E95702B8BA1FF00642D25 /* ReminderUITests */,
			);
		};
/* End PBXProject section */

/* Begin PBXResourcesBuildPhase section */
		D28E95532B8BA1FC00642D25 /* Resources */ = {
			isa = PBXResourcesBuildPhase;
			buildActionMask = 2147483647;
			files = (
				D28E95622B8BA1FE00642D25 /* Preview Assets.xcassets in Resources */,
				D28E955F2B8BA1FE00642D25 /* Assets.xcassets in Resources */,
			);
			runOnlyForDeploymentPostprocessing = 0;
		};
		D28E95652B8BA1FF00642D25 /* Resources */ = {
			isa = PBXResourcesBuildPhase;
			buildActionMask = 2147483647;
			files = (
			);
			runOnlyForDeploymentPostprocessing = 0;
		};
		D28E956F2B8BA1FF00642D25 /* Resources */ = {
			isa = PBXResourcesBuildPhase;
			buildActionMask = 2147483647;
			files = (
			);
			runOnlyForDeploymentPostprocessing = 0;
		};
/* End PBXResourcesBuildPhase section */

/* Begin PBXSourcesBuildPhase section */
		D28E95512B8BA1FC00642D25 /* Sources */ = {
			isa = PBXSourcesBuildPhase;
			buildActionMask = 2147483647;
			files = (
				D28E955B2B8BA1FC00642D25 /* ContentView.swift in Sources */,
				D2875A812B8F345B00C708FF /* ProfileView.swift in Sources */,
				D2875A832B8F346D00C708FF /* ToolBarView.swift in Sources */,
				D28EF48D2B91C0EE00C12222 /* SettingView.swift in Sources */,
				D2875A852B8F348100C708FF /* ReminderView.swift in Sources */,
				D2875A7D2B8F344400C708FF /* HomeView.swift in Sources */,
				D290497F2B8E1772002FC73F /* RegisterView.swift in Sources */,
				D2875A7F2B8F345000C708FF /* ItemView.swift in Sources */,
				D2875A7B2B8F1F6F00C708FF /* Loading.swift in Sources */,
				D2B4052D2B91721900A2DCDE /* User.swift in Sources */,
				D28E955D2B8BA1FC00642D25 /* Item.swift in Sources */,
				D290497D2B8E165C002FC73F /* LoginView.swift in Sources */,
				D28E95592B8BA1FC00642D25 /* RemiderApp.swift in Sources */,
				D2B405302B91744500A2DCDE /* api.swift in Sources */,
			);
			runOnlyForDeploymentPostprocessing = 0;
		};
		D28E95632B8BA1FF00642D25 /* Sources */ = {
			isa = PBXSourcesBuildPhase;
			buildActionMask = 2147483647;
			files = (
				D28E956C2B8BA1FF00642D25 /* RemiderTests.swift in Sources */,
			);
			runOnlyForDeploymentPostprocessing = 0;
		};
		D28E956D2B8BA1FF00642D25 /* Sources */ = {
			isa = PBXSourcesBuildPhase;
			buildActionMask = 2147483647;
			files = (
				D28E95762B8BA1FF00642D25 /* RemiderUITests.swift in Sources */,
				D28E95782B8BA1FF00642D25 /* RemiderUITestsLaunchTests.swift in Sources */,
			);
			runOnlyForDeploymentPostprocessing = 0;
		};
/* End PBXSourcesBuildPhase section */

/* Begin PBXTargetDependency section */
		D28E95692B8BA1FF00642D25 /* PBXTargetDependency */ = {
			isa = PBXTargetDependency;
			target = D28E95542B8BA1FC00642D25 /* Reminder */;
			targetProxy = D28E95682B8BA1FF00642D25 /* PBXContainerItemProxy */;
		};
		D28E95732B8BA1FF00642D25 /* PBXTargetDependency */ = {
			isa = PBXTargetDependency;
			target = D28E95542B8BA1FC00642D25 /* Reminder */;
			targetProxy = D28E95722B8BA1FF00642D25 /* PBXContainerItemProxy */;
		};
/* End PBXTargetDependency section */

/* Begin XCBuildConfiguration section */
		D28E95792B8BA1FF00642D25 /* Debug */ = {
			isa = XCBuildConfiguration;
			buildSettings = {
				ALWAYS_SEARCH_USER_PATHS = NO;
				ASSETCATALOG_COMPILER_GENERATE_SWIFT_ASSET_SYMBOL_EXTENSIONS = YES;
				CLANG_ANALYZER_NONNULL = YES;
				CLANG_ANALYZER_NUMBER_OBJECT_CONVERSION = YES_AGGRESSIVE;
				CLANG_CXX_LANGUAGE_STANDARD = "gnu++20";
				CLANG_ENABLE_MODULES = YES;
				CLANG_ENABLE_OBJC_ARC = YES;
				CLANG_ENABLE_OBJC_WEAK = YES;
				CLANG_WARN_BLOCK_CAPTURE_AUTORELEASING = YES;
				CLANG_WARN_BOOL_CONVERSION = YES;
				CLANG_WARN_COMMA = YES;
				CLANG_WARN_CONSTANT_CONVERSION = YES;
				CLANG_WARN_DEPRECATED_OBJC_IMPLEMENTATIONS = YES;
				CLANG_WARN_DIRECT_OBJC_ISA_USAGE = YES_ERROR;
				CLANG_WARN_DOCUMENTATION_COMMENTS = YES;
				CLANG_WARN_EMPTY_BODY = YES;
				CLANG_WARN_ENUM_CONVERSION = YES;
				CLANG_WARN_INFINITE_RECURSION = YES;
				CLANG_WARN_INT_CONVERSION = YES;
				CLANG_WARN_NON_LITERAL_NULL_CONVERSION = YES;
				CLANG_WARN_OBJC_IMPLICIT_RETAIN_SELF = YES;
				CLANG_WARN_OBJC_LITERAL_CONVERSION = YES;
				CLANG_WARN_OBJC_ROOT_CLASS = YES_ERROR;
				CLANG_WARN_QUOTED_INCLUDE_IN_FRAMEWORK_HEADER = YES;
				CLANG_WARN_RANGE_LOOP_ANALYSIS = YES;
				CLANG_WARN_STRICT_PROTOTYPES = YES;
				CLANG_WARN_SUSPICIOUS_MOVE = YES;
				CLANG_WARN_UNGUARDED_AVAILABILITY = YES_AGGRESSIVE;
				CLANG_WARN_UNREACHABLE_CODE = YES;
				CLANG_WARN__DUPLICATE_METHOD_MATCH = YES;
				COPY_PHASE_STRIP = NO;
				DEBUG_INFORMATION_FORMAT = dwarf;
				ENABLE_STRICT_OBJC_MSGSEND = YES;
				ENABLE_TESTABILITY = YES;
				ENABLE_USER_SCRIPT_SANDBOXING = YES;
				GCC_C_LANGUAGE_STANDARD = gnu17;
				GCC_DYNAMIC_NO_PIC = NO;
				GCC_NO_COMMON_BLOCKS = YES;
				GCC_OPTIMIZATION_LEVEL = 0;
				GCC_PREPROCESSOR_DEFINITIONS = (
					"DEBUG=1",
					"$(inherited)",
				);
				GCC_WARN_64_TO_32_BIT_CONVERSION = YES;
				GCC_WARN_ABOUT_RETURN_TYPE = YES_ERROR;
				GCC_WARN_UNDECLARED_SELECTOR = YES;
				GCC_WARN_UNINITIALIZED_AUTOS = YES_AGGRESSIVE;
				GCC_WARN_UNUSED_FUNCTION = YES;
				GCC_WARN_UNUSED_VARIABLE = YES;
				IPHONEOS_DEPLOYMENT_TARGET = 17.2;
				LOCALIZATION_PREFERS_STRING_CATALOGS = YES;
				MTL_ENABLE_DEBUG_INFO = INCLUDE_SOURCE;
				MTL_FAST_MATH = YES;
				ONLY_ACTIVE_ARCH = YES;
				SDKROOT = iphoneos;
				SWIFT_ACTIVE_COMPILATION_CONDITIONS = "DEBUG $(inherited)";
				SWIFT_OPTIMIZATION_LEVEL = "-Onone";
			};
			name = Debug;
		};
		D28E957A2B8BA1FF00642D25 /* Release */ = {
			isa = XCBuildConfiguration;
			buildSettings = {
				ALWAYS_SEARCH_USER_PATHS = NO;
				ASSETCATALOG_COMPILER_GENERATE_SWIFT_ASSET_SYMBOL_EXTENSIONS = YES;
				CLANG_ANALYZER_NONNULL = YES;
				CLANG_ANALYZER_NUMBER_OBJECT_CONVERSION = YES_AGGRESSIVE;
				CLANG_CXX_LANGUAGE_STANDARD = "gnu++20";
				CLANG_ENABLE_MODULES = YES;
				CLANG_ENABLE_OBJC_ARC = YES;
				CLANG_ENABLE_OBJC_WEAK = YES;
				CLANG_WARN_BLOCK_CAPTURE_AUTORELEASING = YES;
				CLANG_WARN_BOOL_CONVERSION = YES;
				CLANG_WARN_COMMA = YES;
				CLANG_WARN_CONSTANT_CONVERSION = YES;
				CLANG_WARN_DEPRECATED_OBJC_IMPLEMENTATIONS = YES;
				CLANG_WARN_DIRECT_OBJC_ISA_USAGE = YES_ERROR;
				CLANG_WARN_DOCUMENTATION_COMMENTS = YES;
				CLANG_WARN_EMPTY_BODY = YES;
				CLANG_WARN_ENUM_CONVERSION = YES;
				CLANG_WARN_INFINITE_RECURSION = YES;
				CLANG_WARN_INT_CONVERSION = YES;
				CLANG_WARN_NON_LITERAL_NULL_CONVERSION = YES;
				CLANG_WARN_OBJC_IMPLICIT_RETAIN_SELF = YES;
				CLANG_WARN_OBJC_LITERAL_CONVERSION = YES;
				CLANG_WARN_OBJC_ROOT_CLASS = YES_ERROR;
				CLANG_WARN_QUOTED_INCLUDE_IN_FRAMEWORK_HEADER = YES;
				CLANG_WARN_RANGE_LOOP_ANALYSIS = YES;
				CLANG_WARN_STRICT_PROTOTYPES = YES;
				CLANG_WARN_SUSPICIOUS_MOVE = YES;
				CLANG_WARN_UNGUARDED_AVAILABILITY = YES_AGGRESSIVE;
				CLANG_WARN_UNREACHABLE_CODE = YES;
				CLANG_WARN__DUPLICATE_METHOD_MATCH = YES;
				COPY_PHASE_STRIP = NO;
				DEBUG_INFORMATION_FORMAT = "dwarf-with-dsym";
				ENABLE_NS_ASSERTIONS = NO;
				ENABLE_STRICT_OBJC_MSGSEND = YES;
				ENABLE_USER_SCRIPT_SANDBOXING = YES;
				GCC_C_LANGUAGE_STANDARD = gnu17;
				GCC_NO_COMMON_BLOCKS = YES;
				GCC_WARN_64_TO_32_BIT_CONVERSION = YES;
				GCC_WARN_ABOUT_RETURN_TYPE = YES_ERROR;
				GCC_WARN_UNDECLARED_SELECTOR = YES;
				GCC_WARN_UNINITIALIZED_AUTOS = YES_AGGRESSIVE;
				GCC_WARN_UNUSED_FUNCTION = YES;
				GCC_WARN_UNUSED_VARIABLE = YES;
				IPHONEOS_DEPLOYMENT_TARGET = 17.2;
				LOCALIZATION_PREFERS_STRING_CATALOGS = YES;
				MTL_ENABLE_DEBUG_INFO = NO;
				MTL_FAST_MATH = YES;
				SDKROOT = iphoneos;
				SWIFT_COMPILATION_MODE = wholemodule;
				VALIDATE_PRODUCT = YES;
			};
			name = Release;
		};
		D28E957C2B8BA1FF00642D25 /* Debug */ = {
			isa = XCBuildConfiguration;
			buildSettings = {
				ASSETCATALOG_COMPILER_APPICON_NAME = AppIcon;
				ASSETCATALOG_COMPILER_GLOBAL_ACCENT_COLOR_NAME = AccentColor;
				CODE_SIGN_STYLE = Automatic;
				CURRENT_PROJECT_VERSION = 1;
				DEVELOPMENT_ASSET_PATHS = "\"Remider/Preview Content\"";
				DEVELOPMENT_TEAM = YAH93RZF3C;
				ENABLE_PREVIEWS = YES;
				GENERATE_INFOPLIST_FILE = YES;
				INFOPLIST_KEY_UIApplicationSceneManifest_Generation = YES;
				INFOPLIST_KEY_UIApplicationSupportsIndirectInputEvents = YES;
				INFOPLIST_KEY_UILaunchScreen_Generation = YES;
				INFOPLIST_KEY_UISupportedInterfaceOrientations_iPad = "UIInterfaceOrientationPortrait UIInterfaceOrientationPortraitUpsideDown UIInterfaceOrientationLandscapeLeft UIInterfaceOrientationLandscapeRight";
				INFOPLIST_KEY_UISupportedInterfaceOrientations_iPhone = "UIInterfaceOrientationPortrait UIInterfaceOrientationLandscapeLeft UIInterfaceOrientationLandscapeRight";
				LD_RUNPATH_SEARCH_PATHS = (
					"$(inherited)",
					"@executable_path/Frameworks",
				);
				MARKETING_VERSION = 1.0;
				PRODUCT_BUNDLE_IDENTIFIER = test.Remider;
				PRODUCT_NAME = "$(TARGET_NAME)";
				SWIFT_EMIT_LOC_STRINGS = YES;
				SWIFT_VERSION = 5.0;
				TARGETED_DEVICE_FAMILY = "1,2";
			};
			name = Debug;
		};
		D28E957D2B8BA1FF00642D25 /* Release */ = {
			isa = XCBuildConfiguration;
			buildSettings = {
				ASSETCATALOG_COMPILER_APPICON_NAME = AppIcon;
				ASSETCATALOG_COMPILER_GLOBAL_ACCENT_COLOR_NAME = AccentColor;
				CODE_SIGN_STYLE = Automatic;
				CURRENT_PROJECT_VERSION = 1;
				DEVELOPMENT_ASSET_PATHS = "\"Remider/Preview Content\"";
				DEVELOPMENT_TEAM = YAH93RZF3C;
				ENABLE_PREVIEWS = YES;
				GENERATE_INFOPLIST_FILE = YES;
				INFOPLIST_KEY_UIApplicationSceneManifest_Generation = YES;
				INFOPLIST_KEY_UIApplicationSupportsIndirectInputEvents = YES;
				INFOPLIST_KEY_UILaunchScreen_Generation = YES;
				INFOPLIST_KEY_UISupportedInterfaceOrientations_iPad = "UIInterfaceOrientationPortrait UIInterfaceOrientationPortraitUpsideDown UIInterfaceOrientationLandscapeLeft UIInterfaceOrientationLandscapeRight";
				INFOPLIST_KEY_UISupportedInterfaceOrientations_iPhone = "UIInterfaceOrientationPortrait UIInterfaceOrientationLandscapeLeft UIInterfaceOrientationLandscapeRight";
				LD_RUNPATH_SEARCH_PATHS = (
					"$(inherited)",
					"@executable_path/Frameworks",
				);
				MARKETING_VERSION = 1.0;
				PRODUCT_BUNDLE_IDENTIFIER = test.Remider;
				PRODUCT_NAME = "$(TARGET_NAME)";
				SWIFT_EMIT_LOC_STRINGS = YES;
				SWIFT_VERSION = 5.0;
				TARGETED_DEVICE_FAMILY = "1,2";
			};
			name = Release;
		};
		D28E957F2B8BA1FF00642D25 /* Debug */ = {
			isa = XCBuildConfiguration;
			buildSettings = {
				ALWAYS_EMBED_SWIFT_STANDARD_LIBRARIES = YES;
				BUNDLE_LOADER = "$(TEST_HOST)";
				CODE_SIGN_STYLE = Automatic;
				CURRENT_PROJECT_VERSION = 1;
				DEVELOPMENT_TEAM = YAH93RZF3C;
				GENERATE_INFOPLIST_FILE = YES;
				IPHONEOS_DEPLOYMENT_TARGET = 17.2;
				MARKETING_VERSION = 1.0;
				PRODUCT_BUNDLE_IDENTIFIER = test.RemiderTests;
				PRODUCT_NAME = "$(TARGET_NAME)";
				SWIFT_EMIT_LOC_STRINGS = NO;
				SWIFT_VERSION = 5.0;
				TARGETED_DEVICE_FAMILY = "1,2";
				TEST_HOST = "$(BUILT_PRODUCTS_DIR)/Reminder.app/$(BUNDLE_EXECUTABLE_FOLDER_PATH)/Reminder";
			};
			name = Debug;
		};
		D28E95802B8BA1FF00642D25 /* Release */ = {
			isa = XCBuildConfiguration;
			buildSettings = {
				ALWAYS_EMBED_SWIFT_STANDARD_LIBRARIES = YES;
				BUNDLE_LOADER = "$(TEST_HOST)";
				CODE_SIGN_STYLE = Automatic;
				CURRENT_PROJECT_VERSION = 1;
				DEVELOPMENT_TEAM = YAH93RZF3C;
				GENERATE_INFOPLIST_FILE = YES;
				IPHONEOS_DEPLOYMENT_TARGET = 17.2;
				MARKETING_VERSION = 1.0;
				PRODUCT_BUNDLE_IDENTIFIER = test.RemiderTests;
				PRODUCT_NAME = "$(TARGET_NAME)";
				SWIFT_EMIT_LOC_STRINGS = NO;
				SWIFT_VERSION = 5.0;
				TARGETED_DEVICE_FAMILY = "1,2";
				TEST_HOST = "$(BUILT_PRODUCTS_DIR)/Reminder.app/$(BUNDLE_EXECUTABLE_FOLDER_PATH)/Reminder";
			};
			name = Release;
		};
		D28E95822B8BA1FF00642D25 /* Debug */ = {
			isa = XCBuildConfiguration;
			buildSettings = {
				ALWAYS_EMBED_SWIFT_STANDARD_LIBRARIES = YES;
				CODE_SIGN_STYLE = Automatic;
				CURRENT_PROJECT_VERSION = 1;
				DEVELOPMENT_TEAM = YAH93RZF3C;
				GENERATE_INFOPLIST_FILE = YES;
				MARKETING_VERSION = 1.0;
				PRODUCT_BUNDLE_IDENTIFIER = test.RemiderUITests;
				PRODUCT_NAME = "$(TARGET_NAME)";
				SWIFT_EMIT_LOC_STRINGS = NO;
				SWIFT_VERSION = 5.0;
				TARGETED_DEVICE_FAMILY = "1,2";
				TEST_TARGET_NAME = Remider;
			};
			name = Debug;
		};
		D28E95832B8BA1FF00642D25 /* Release */ = {
			isa = XCBuildConfiguration;
			buildSettings = {
				ALWAYS_EMBED_SWIFT_STANDARD_LIBRARIES = YES;
				CODE_SIGN_STYLE = Automatic;
				CURRENT_PROJECT_VERSION = 1;
				DEVELOPMENT_TEAM = YAH93RZF3C;
				GENERATE_INFOPLIST_FILE = YES;
				MARKETING_VERSION = 1.0;
				PRODUCT_BUNDLE_IDENTIFIER = test.RemiderUITests;
				PRODUCT_NAME = "$(TARGET_NAME)";
				SWIFT_EMIT_LOC_STRINGS = NO;
				SWIFT_VERSION = 5.0;
				TARGETED_DEVICE_FAMILY = "1,2";
				TEST_TARGET_NAME = Remider;
			};
			name = Release;
		};
/* End XCBuildConfiguration section */

/* Begin XCConfigurationList section */
		D28E95502B8BA1FC00642D25 /* Build configuration list for PBXProject "Reminder" */ = {
			isa = XCConfigurationList;
			buildConfigurations = (
				D28E95792B8BA1FF00642D25 /* Debug */,
				D28E957A2B8BA1FF00642D25 /* Release */,
			);
			defaultConfigurationIsVisible = 0;
			defaultConfigurationName = Release;
		};
		D28E957B2B8BA1FF00642D25 /* Build configuration list for PBXNativeTarget "Reminder" */ = {
			isa = XCConfigurationList;
			buildConfigurations = (
				D28E957C2B8BA1FF00642D25 /* Debug */,
				D28E957D2B8BA1FF00642D25 /* Release */,
			);
			defaultConfigurationIsVisible = 0;
			defaultConfigurationName = Release;
		};
		D28E957E2B8BA1FF00642D25 /* Build configuration list for PBXNativeTarget "ReminderTests" */ = {
			isa = XCConfigurationList;
			buildConfigurations = (
				D28E957F2B8BA1FF00642D25 /* Debug */,
				D28E95802B8BA1FF00642D25 /* Release */,
			);
			defaultConfigurationIsVisible = 0;
			defaultConfigurationName = Release;
		};
		D28E95812B8BA1FF00642D25 /* Build configuration list for PBXNativeTarget "ReminderUITests" */ = {
			isa = XCConfigurationList;
			buildConfigurations = (
				D28E95822B8BA1FF00642D25 /* Debug */,
				D28E95832B8BA1FF00642D25 /* Release */,
			);
			defaultConfigurationIsVisible = 0;
			defaultConfigurationName = Release;
		};
/* End XCConfigurationList section */
	};
	rootObject = D28E954D2B8BA1FC00642D25 /* Project object */;
}
